
Microsoft Visual Studio Solution File, Format Version 12.00
# Visual Studio Version 16
VisualStudioVersion = 16.0.28922.388
MinimumVisualStudioVersion = 10.0.40219.1
Project("{FAE04EC0-301F-11D3-BF4B-00C04F79EFBC}") = "Examen2Parcial", "Examen2Parcial.csproj", "{2CA61B48-A685-4A03-AE2B-C7F32FE9696C}"
EndProject
Global
	GlobalSection(SolutionConfigurationPlatforms) = preSolution
		Debug|Any CPU = Debug|Any CPU
		Release|Any CPU = Release|Any CPU
	EndGlobalSection
	GlobalSection(ProjectConfigurationPlatforms) = postSolution
		{2CA61B48-A685-4A03-AE2B-C7F32FE9696C}.Debug|Any CPU.ActiveCfg = Debug|Any CPU
		{2CA61B48-A685-4A03-AE2B-C7F32FE9696C}.Debug|Any CPU.Build.0 = Debug|Any CPU
		{2CA61B48-A685-4A03-AE2B-C7F32FE9696C}.Release|Any CPU.ActiveCfg = Release|Any CPU
		{2CA61B48-A685-4A03-AE2B-C7F32FE9696C}.Release|Any CPU.Build.0 = Release|Any CPU
	EndGlobalSection
	GlobalSection(SolutionProperties) = preSolution
		HideSolutionNode = FALSE
	EndGlobalSection
	GlobalSection(ExtensibilityGlobals) = postSolution
		SolutionGuid = {E9E34A44-8785-430D-B7BA-1CEB71B23BCC}
	EndGlobalSection
EndGlobal
